
Microsoft Visual Studio Solution File, Format Version 12.00
# Visual Studio Version 17
VisualStudioVersion = 17.2.32630.192
MinimumVisualStudioVersion = 10.0.40219.1
Project("{9A19103F-16F7-4668-BE54-9A1E7A4F7556}") = "BufTools.EntityFrameworkCore.DataAutoWiring", "BufTools.EntityFrameworkCore.DataAutoWiring\BufTools.EntityFrameworkCore.DataAutoWiring.csproj", "{BF17EB7A-5565-4474-87E2-052FB0A8312E}"
EndProject
Project("{9A19103F-16F7-4668-BE54-9A1E7A4F7556}") = "DataAutoWiring.Tests", "DataAutoWiring.Tests\DataAutoWiring.Tests.csproj", "{215C0D54-3B3A-444D-85FB-47A2B2B01B5D}"
EndProject
Global
	GlobalSection(SolutionConfigurationPlatforms) = preSolution
		Debug|Any CPU = Debug|Any CPU
		Release|Any CPU = Release|Any CPU
	EndGlobalSection
	GlobalSection(ProjectConfigurationPlatforms) = postSolution
		{BF17EB7A-5565-4474-87E2-052FB0A8312E}.Debug|Any CPU.ActiveCfg = Debug|Any CPU
		{BF17EB7A-5565-4474-87E2-052FB0A8312E}.Debug|Any CPU.Build.0 = Debug|Any CPU
		{BF17EB7A-5565-4474-87E2-052FB0A8312E}.Release|Any CPU.ActiveCfg = Release|Any CPU
		{BF17EB7A-5565-4474-87E2-052FB0A8312E}.Release|Any CPU.Build.0 = Release|Any CPU
		{215C0D54-3B3A-444D-85FB-47A2B2B01B5D}.Debug|Any CPU.ActiveCfg = Debug|Any CPU
		{215C0D54-3B3A-444D-85FB-47A2B2B01B5D}.Debug|Any CPU.Build.0 = Debug|Any CPU
		{215C0D54-3B3A-444D-85FB-47A2B2B01B5D}.Release|Any CPU.ActiveCfg = Release|Any CPU
		{215C0D54-3B3A-444D-85FB-47A2B2B01B5D}.Release|Any CPU.Build.0 = Release|Any CPU
	EndGlobalSection
	GlobalSection(SolutionProperties) = preSolution
		HideSolutionNode = FALSE
	EndGlobalSection
	GlobalSection(ExtensibilityGlobals) = postSolution
		SolutionGuid = {A4E885FF-73A8-41CA-A803-CD0AC5819BD6}
	EndGlobalSection
EndGlobal
