
Microsoft Visual Studio Solution File, Format Version 12.00
# Visual Studio Version 17
VisualStudioVersion = 17.2.32630.192
MinimumVisualStudioVersion = 10.0.40219.1
Project("{9A19103F-16F7-4668-BE54-9A1E7A4F7556}") = "DataAccess", "DataAccess\DataAccess.csproj", "{7077D14A-53DA-4C6C-A624-16018E75ADCF}"
EndProject
Project("{9A19103F-16F7-4668-BE54-9A1E7A4F7556}") = "DataAccess.EFCore", "DataAccess.EFCore\DataAccess.EFCore.csproj", "{4A18A02D-0984-4F6B-B239-ED2E3066211D}"
EndProject
Project("{9A19103F-16F7-4668-BE54-9A1E7A4F7556}") = "DataAccess.EFCore.Tests", "DataAccess.EFCore.Tests\DataAccess.EFCore.Tests.csproj", "{2B026D32-984B-49E6-AA44-5332852ADF53}"
EndProject
Global
	GlobalSection(SolutionConfigurationPlatforms) = preSolution
		Debug|Any CPU = Debug|Any CPU
		Release|Any CPU = Release|Any CPU
	EndGlobalSection
	GlobalSection(ProjectConfigurationPlatforms) = postSolution
		{7077D14A-53DA-4C6C-A624-16018E75ADCF}.Debug|Any CPU.ActiveCfg = Debug|Any CPU
		{7077D14A-53DA-4C6C-A624-16018E75ADCF}.Debug|Any CPU.Build.0 = Debug|Any CPU
		{7077D14A-53DA-4C6C-A624-16018E75ADCF}.Release|Any CPU.ActiveCfg = Release|Any CPU
		{7077D14A-53DA-4C6C-A624-16018E75ADCF}.Release|Any CPU.Build.0 = Release|Any CPU
		{4A18A02D-0984-4F6B-B239-ED2E3066211D}.Debug|Any CPU.ActiveCfg = Debug|Any CPU
		{4A18A02D-0984-4F6B-B239-ED2E3066211D}.Debug|Any CPU.Build.0 = Debug|Any CPU
		{4A18A02D-0984-4F6B-B239-ED2E3066211D}.Release|Any CPU.ActiveCfg = Release|Any CPU
		{4A18A02D-0984-4F6B-B239-ED2E3066211D}.Release|Any CPU.Build.0 = Release|Any CPU
		{2B026D32-984B-49E6-AA44-5332852ADF53}.Debug|Any CPU.ActiveCfg = Debug|Any CPU
		{2B026D32-984B-49E6-AA44-5332852ADF53}.Debug|Any CPU.Build.0 = Debug|Any CPU
		{2B026D32-984B-49E6-AA44-5332852ADF53}.Release|Any CPU.ActiveCfg = Release|Any CPU
		{2B026D32-984B-49E6-AA44-5332852ADF53}.Release|Any CPU.Build.0 = Release|Any CPU
	EndGlobalSection
	GlobalSection(SolutionProperties) = preSolution
		HideSolutionNode = FALSE
	EndGlobalSection
	GlobalSection(ExtensibilityGlobals) = postSolution
		SolutionGuid = {A4E885FF-73A8-41CA-A803-CD0AC5819BD6}
	EndGlobalSection
EndGlobal
