
Microsoft Visual Studio Solution File, Format Version 12.00
# Visual Studio Version 17
VisualStudioVersion = 17.2.32630.192
MinimumVisualStudioVersion = 10.0.40219.1
Project("{9A19103F-16F7-4668-BE54-9A1E7A4F7556}") = "DataStorage.Tests", "DataStorage.Tests\DataStorage.Tests.csproj", "{C425C29D-08D1-4FE1-9574-BF44B583B3DF}"
EndProject
Project("{E53339B2-1760-4266-BCC7-CA923CBCF16C}") = "docker-compose", "docker-compose.dcproj", "{C6F60B82-78B8-45D5-A26A-2082A5ACD728}"
EndProject
Project("{9A19103F-16F7-4668-BE54-9A1E7A4F7556}") = "BufTools.DataStore", "BufTools.DataStore\BufTools.DataStore.csproj", "{4524970E-3D2E-4B0F-BE63-3DCC2BB8BC2F}"
EndProject
Project("{9A19103F-16F7-4668-BE54-9A1E7A4F7556}") = "BufTools.DataStore.EntityFramework", "BufTools.DataStore.EntityFramework\BufTools.DataStore.EntityFramework.csproj", "{3B008C28-FCA9-487B-8166-5AA5E6E79BA1}"
EndProject
Project("{9A19103F-16F7-4668-BE54-9A1E7A4F7556}") = "BufTools.DataStore.Schema", "BufTools.DataStore.Schema\BufTools.DataStore.Schema.csproj", "{E5B340A6-1C2C-4ED7-94D6-E0FAD7FC6970}"
EndProject
Global
	GlobalSection(SolutionConfigurationPlatforms) = preSolution
		Debug|Any CPU = Debug|Any CPU
		Release|Any CPU = Release|Any CPU
	EndGlobalSection
	GlobalSection(ProjectConfigurationPlatforms) = postSolution
		{C425C29D-08D1-4FE1-9574-BF44B583B3DF}.Debug|Any CPU.ActiveCfg = Debug|Any CPU
		{C425C29D-08D1-4FE1-9574-BF44B583B3DF}.Debug|Any CPU.Build.0 = Debug|Any CPU
		{C425C29D-08D1-4FE1-9574-BF44B583B3DF}.Release|Any CPU.ActiveCfg = Release|Any CPU
		{C425C29D-08D1-4FE1-9574-BF44B583B3DF}.Release|Any CPU.Build.0 = Release|Any CPU
		{C6F60B82-78B8-45D5-A26A-2082A5ACD728}.Debug|Any CPU.ActiveCfg = Debug|Any CPU
		{C6F60B82-78B8-45D5-A26A-2082A5ACD728}.Debug|Any CPU.Build.0 = Debug|Any CPU
		{C6F60B82-78B8-45D5-A26A-2082A5ACD728}.Release|Any CPU.ActiveCfg = Release|Any CPU
		{C6F60B82-78B8-45D5-A26A-2082A5ACD728}.Release|Any CPU.Build.0 = Release|Any CPU
		{4524970E-3D2E-4B0F-BE63-3DCC2BB8BC2F}.Debug|Any CPU.ActiveCfg = Debug|Any CPU
		{4524970E-3D2E-4B0F-BE63-3DCC2BB8BC2F}.Debug|Any CPU.Build.0 = Debug|Any CPU
		{4524970E-3D2E-4B0F-BE63-3DCC2BB8BC2F}.Release|Any CPU.ActiveCfg = Release|Any CPU
		{4524970E-3D2E-4B0F-BE63-3DCC2BB8BC2F}.Release|Any CPU.Build.0 = Release|Any CPU
		{3B008C28-FCA9-487B-8166-5AA5E6E79BA1}.Debug|Any CPU.ActiveCfg = Debug|Any CPU
		{3B008C28-FCA9-487B-8166-5AA5E6E79BA1}.Debug|Any CPU.Build.0 = Debug|Any CPU
		{3B008C28-FCA9-487B-8166-5AA5E6E79BA1}.Release|Any CPU.ActiveCfg = Release|Any CPU
		{3B008C28-FCA9-487B-8166-5AA5E6E79BA1}.Release|Any CPU.Build.0 = Release|Any CPU
		{E5B340A6-1C2C-4ED7-94D6-E0FAD7FC6970}.Debug|Any CPU.ActiveCfg = Debug|Any CPU
		{E5B340A6-1C2C-4ED7-94D6-E0FAD7FC6970}.Debug|Any CPU.Build.0 = Debug|Any CPU
		{E5B340A6-1C2C-4ED7-94D6-E0FAD7FC6970}.Release|Any CPU.ActiveCfg = Release|Any CPU
		{E5B340A6-1C2C-4ED7-94D6-E0FAD7FC6970}.Release|Any CPU.Build.0 = Release|Any CPU
	EndGlobalSection
	GlobalSection(SolutionProperties) = preSolution
		HideSolutionNode = FALSE
	EndGlobalSection
	GlobalSection(ExtensibilityGlobals) = postSolution
		SolutionGuid = {A4E885FF-73A8-41CA-A803-CD0AC5819BD6}
	EndGlobalSection
EndGlobal
